
Microsoft Visual Studio Solution File, Format Version 12.00
# Visual Studio 15
VisualStudioVersion = 15.0.27004.2005
MinimumVisualStudioVersion = 10.0.40219.1
Project("{FAE04EC0-301F-11D3-BF4B-00C04F79EFBC}") = "SALES CORE", "SALES CORE\SALES CORE.csproj", "{66E50773-45C8-4303-815C-39D29D063C88}"
EndProject
Project("{FAE04EC0-301F-11D3-BF4B-00C04F79EFBC}") = "Initializer", "Initializer\Initializer.csproj", "{0F9A9AAC-FFFA-43E0-9833-CE676C8B45E4}"
EndProject
Project("{FAE04EC0-301F-11D3-BF4B-00C04F79EFBC}") = "WebSite.DataBase", "WebSite.DataBase\WebSite.DataBase.csproj", "{65B8B051-D33C-4906-A8A9-66B0BC126815}"
EndProject
Global
	GlobalSection(SolutionConfigurationPlatforms) = preSolution
		Debug|Any CPU = Debug|Any CPU
		Release|Any CPU = Release|Any CPU
	EndGlobalSection
	GlobalSection(ProjectConfigurationPlatforms) = postSolution
		{66E50773-45C8-4303-815C-39D29D063C88}.Debug|Any CPU.ActiveCfg = Debug|Any CPU
		{66E50773-45C8-4303-815C-39D29D063C88}.Debug|Any CPU.Build.0 = Debug|Any CPU
		{66E50773-45C8-4303-815C-39D29D063C88}.Release|Any CPU.ActiveCfg = Release|Any CPU
		{66E50773-45C8-4303-815C-39D29D063C88}.Release|Any CPU.Build.0 = Release|Any CPU
		{0F9A9AAC-FFFA-43E0-9833-CE676C8B45E4}.Debug|Any CPU.ActiveCfg = Debug|Any CPU
		{0F9A9AAC-FFFA-43E0-9833-CE676C8B45E4}.Debug|Any CPU.Build.0 = Debug|Any CPU
		{0F9A9AAC-FFFA-43E0-9833-CE676C8B45E4}.Release|Any CPU.ActiveCfg = Release|Any CPU
		{0F9A9AAC-FFFA-43E0-9833-CE676C8B45E4}.Release|Any CPU.Build.0 = Release|Any CPU
		{65B8B051-D33C-4906-A8A9-66B0BC126815}.Debug|Any CPU.ActiveCfg = Debug|Any CPU
		{65B8B051-D33C-4906-A8A9-66B0BC126815}.Debug|Any CPU.Build.0 = Debug|Any CPU
		{65B8B051-D33C-4906-A8A9-66B0BC126815}.Release|Any CPU.ActiveCfg = Release|Any CPU
		{65B8B051-D33C-4906-A8A9-66B0BC126815}.Release|Any CPU.Build.0 = Release|Any CPU
	EndGlobalSection
	GlobalSection(SolutionProperties) = preSolution
		HideSolutionNode = FALSE
	EndGlobalSection
	GlobalSection(ExtensibilityGlobals) = postSolution
		SolutionGuid = {CCC6720B-FAD0-422E-92E2-A6C6322A7A17}
	EndGlobalSection
EndGlobal
