
Microsoft Visual Studio Solution File, Format Version 12.00
# Visual Studio 14
VisualStudioVersion = 14.0.25420.1
MinimumVisualStudioVersion = 10.0.40219.1
Project("{FAE04EC0-301F-11D3-BF4B-00C04F79EFBC}") = "SalesCore", "SalesCore\SalesCore.csproj", "{8F2ECF78-6E99-4C27-B07D-71CE9ED8C73B}"
EndProject
Project("{FAE04EC0-301F-11D3-BF4B-00C04F79EFBC}") = "Initializer", "Initializer\Initializer.csproj", "{3A7BD66F-3D39-4C41-9D86-AE724CD6327E}"
EndProject
Project("{FAE04EC0-301F-11D3-BF4B-00C04F79EFBC}") = "DataBase", "DataBase\DataBase.csproj", "{8B9F8148-751F-4CA3-8DFC-C17EFAC382EC}"
EndProject
Global
	GlobalSection(SolutionConfigurationPlatforms) = preSolution
		Debug|Any CPU = Debug|Any CPU
		Release|Any CPU = Release|Any CPU
	EndGlobalSection
	GlobalSection(ProjectConfigurationPlatforms) = postSolution
		{8F2ECF78-6E99-4C27-B07D-71CE9ED8C73B}.Debug|Any CPU.ActiveCfg = Debug|Any CPU
		{8F2ECF78-6E99-4C27-B07D-71CE9ED8C73B}.Debug|Any CPU.Build.0 = Debug|Any CPU
		{8F2ECF78-6E99-4C27-B07D-71CE9ED8C73B}.Release|Any CPU.ActiveCfg = Release|Any CPU
		{8F2ECF78-6E99-4C27-B07D-71CE9ED8C73B}.Release|Any CPU.Build.0 = Release|Any CPU
		{3A7BD66F-3D39-4C41-9D86-AE724CD6327E}.Debug|Any CPU.ActiveCfg = Debug|Any CPU
		{3A7BD66F-3D39-4C41-9D86-AE724CD6327E}.Debug|Any CPU.Build.0 = Debug|Any CPU
		{3A7BD66F-3D39-4C41-9D86-AE724CD6327E}.Release|Any CPU.ActiveCfg = Release|Any CPU
		{3A7BD66F-3D39-4C41-9D86-AE724CD6327E}.Release|Any CPU.Build.0 = Release|Any CPU
		{8B9F8148-751F-4CA3-8DFC-C17EFAC382EC}.Debug|Any CPU.ActiveCfg = Debug|Any CPU
		{8B9F8148-751F-4CA3-8DFC-C17EFAC382EC}.Debug|Any CPU.Build.0 = Debug|Any CPU
		{8B9F8148-751F-4CA3-8DFC-C17EFAC382EC}.Release|Any CPU.ActiveCfg = Release|Any CPU
		{8B9F8148-751F-4CA3-8DFC-C17EFAC382EC}.Release|Any CPU.Build.0 = Release|Any CPU
	EndGlobalSection
	GlobalSection(SolutionProperties) = preSolution
		HideSolutionNode = FALSE
	EndGlobalSection
EndGlobal
